# This file is autogenerated, do not edit; changes may be undone by the next 'dep ensure'.


[[projects]]
  branch = "master"
  name = "github.com/corpix/uarand"
  packages = ["."]
  revision = "2b8494104d86337cdd41d0a49cbed8e4583c0ab4"

[[projects]]
  name = "github.com/dgrijalva/jwt-go"
  packages = ["."]
  revision = "06ea1031745cb8b3dab3f6a236daf2b0aa468b7e"
  version = "v3.2.0"

[[projects]]
  branch = "master"
  name = "github.com/djavorszky/disco"
  packages = ["."]
  revision = "b97a54f03ce4e4cfffd13e4d16183114accaae14"

[[projects]]
  branch = "master"
  name = "github.com/djavorszky/notif"
  packages = ["."]
  revision = "0a798d66c615059b081925d929dff5d9a7ec6bdb"

[[projects]]
  branch = "master"
  name = "github.com/djavorszky/sutils"
  packages = ["."]
  revision = "fbffda544f9c4de805cd645e51cd73b56b9c31a7"

[[projects]]
  branch = "master"
  name = "github.com/icrowley/fake"
  packages = ["."]
  revision = "4178557ae428460c3780a381c824a1f3aceb6325"

[[projects]]
  branch = "master"
  name = "github.com/sherclockholmes/webpush-go"
  packages = ["."]
  revision = "411cfd6dde476c883f8ae75f58375db9d2a27322"

[[projects]]
  branch = "master"
  name = "golang.org/x/crypto"
  packages = ["hkdf"]
  revision = "db7d12313a59cd5b727192a287195e2cdfa40049"

[solve-meta]
  analyzer-name = "dep"
  analyzer-version = 1
  inputs-digest = "ca4cc58ba4768f97fabc9658c3789d22d7216032ec6968ef222273af97974d7f"
  solver-name = "gps-cdcl"
  solver-version = 1
